
Microsoft Visual Studio Solution File, Format Version 12.00
# Visual Studio Version 17
VisualStudioVersion = 17.0.31903.59
MinimumVisualStudioVersion = 10.0.40219.1
Project("{FAE04EC0-301F-11D3-BF4B-00C04F79EFBC}") = "ascii-cli", "src\ascii-cli.csproj", "{2D49AF73-9478-434C-8F6B-A744F5DFFD79}"
EndProject
Project("{FAE04EC0-301F-11D3-BF4B-00C04F79EFBC}") = "ascii-cli-tests", "tests\ascii-cli-tests.csproj", "{38A0FBB7-7C1B-4A4C-8EBB-C398D1113660}"
EndProject
Global
	GlobalSection(SolutionConfigurationPlatforms) = preSolution
		Debug|Any CPU = Debug|Any CPU
		Release|Any CPU = Release|Any CPU
	EndGlobalSection
	GlobalSection(SolutionProperties) = preSolution
		HideSolutionNode = FALSE
	EndGlobalSection
	GlobalSection(ProjectConfigurationPlatforms) = postSolution
		{2D49AF73-9478-434C-8F6B-A744F5DFFD79}.Debug|Any CPU.ActiveCfg = Debug|Any CPU
		{2D49AF73-9478-434C-8F6B-A744F5DFFD79}.Debug|Any CPU.Build.0 = Debug|Any CPU
		{2D49AF73-9478-434C-8F6B-A744F5DFFD79}.Release|Any CPU.ActiveCfg = Release|Any CPU
		{2D49AF73-9478-434C-8F6B-A744F5DFFD79}.Release|Any CPU.Build.0 = Release|Any CPU
		{38A0FBB7-7C1B-4A4C-8EBB-C398D1113660}.Debug|Any CPU.ActiveCfg = Debug|Any CPU
		{38A0FBB7-7C1B-4A4C-8EBB-C398D1113660}.Debug|Any CPU.Build.0 = Debug|Any CPU
		{38A0FBB7-7C1B-4A4C-8EBB-C398D1113660}.Release|Any CPU.ActiveCfg = Release|Any CPU
		{38A0FBB7-7C1B-4A4C-8EBB-C398D1113660}.Release|Any CPU.Build.0 = Release|Any CPU
	EndGlobalSection
EndGlobal
